
Microsoft Visual Studio Solution File, Format Version 12.00
# Visual Studio Version 17
VisualStudioVersion = 17.7.34009.444
MinimumVisualStudioVersion = 10.0.40219.1
Project("{FAE04EC0-301F-11D3-BF4B-00C04F79EFBC}") = "C#NET", "C#NET.csproj", "{16E9CE4A-D7A7-45DC-AF1A-8B54669647A1}"
EndProject
Project("{FAE04EC0-301F-11D3-BF4B-00C04F79EFBC}") = "UnitTests", "UnitTests\UnitTests.csproj", "{47C15D14-C2BB-4EBF-A830-C363AD995577}"
EndProject
Global
	GlobalSection(SolutionConfigurationPlatforms) = preSolution
		Debug|Any CPU = Debug|Any CPU
		Release|Any CPU = Release|Any CPU
	EndGlobalSection
	GlobalSection(ProjectConfigurationPlatforms) = postSolution
		{16E9CE4A-D7A7-45DC-AF1A-8B54669647A1}.Debug|Any CPU.ActiveCfg = Debug|Any CPU
		{16E9CE4A-D7A7-45DC-AF1A-8B54669647A1}.Debug|Any CPU.Build.0 = Debug|Any CPU
		{16E9CE4A-D7A7-45DC-AF1A-8B54669647A1}.Release|Any CPU.ActiveCfg = Release|Any CPU
		{16E9CE4A-D7A7-45DC-AF1A-8B54669647A1}.Release|Any CPU.Build.0 = Release|Any CPU
		{47C15D14-C2BB-4EBF-A830-C363AD995577}.Debug|Any CPU.ActiveCfg = Debug|Any CPU
		{47C15D14-C2BB-4EBF-A830-C363AD995577}.Debug|Any CPU.Build.0 = Debug|Any CPU
		{47C15D14-C2BB-4EBF-A830-C363AD995577}.Release|Any CPU.ActiveCfg = Release|Any CPU
		{47C15D14-C2BB-4EBF-A830-C363AD995577}.Release|Any CPU.Build.0 = Release|Any CPU
	EndGlobalSection
	GlobalSection(SolutionProperties) = preSolution
		HideSolutionNode = FALSE
	EndGlobalSection
	GlobalSection(ExtensibilityGlobals) = postSolution
		SolutionGuid = {D31E4E27-8712-4A2B-992A-FE4C91BBF52E}
	EndGlobalSection
EndGlobal
