
Microsoft Visual Studio Solution File, Format Version 12.00
# Visual Studio Version 17
VisualStudioVersion = 17.7.34031.279
MinimumVisualStudioVersion = 10.0.40219.1
Project("{FAE04EC0-301F-11D3-BF4B-00C04F79EFBC}") = "WpfAppDemo", "WpfAppDemo.csproj", "{DFBB9E5D-AC1A-42B6-85A4-99C171958326}"
EndProject
Global
	GlobalSection(SolutionConfigurationPlatforms) = preSolution
		Debug|Any CPU = Debug|Any CPU
		Release|Any CPU = Release|Any CPU
	EndGlobalSection
	GlobalSection(ProjectConfigurationPlatforms) = postSolution
		{DFBB9E5D-AC1A-42B6-85A4-99C171958326}.Debug|Any CPU.ActiveCfg = Debug|Any CPU
		{DFBB9E5D-AC1A-42B6-85A4-99C171958326}.Debug|Any CPU.Build.0 = Debug|Any CPU
		{DFBB9E5D-AC1A-42B6-85A4-99C171958326}.Release|Any CPU.ActiveCfg = Release|Any CPU
		{DFBB9E5D-AC1A-42B6-85A4-99C171958326}.Release|Any CPU.Build.0 = Release|Any CPU
	EndGlobalSection
	GlobalSection(SolutionProperties) = preSolution
		HideSolutionNode = FALSE
	EndGlobalSection
	GlobalSection(ExtensibilityGlobals) = postSolution
		SolutionGuid = {B797923D-100A-4B98-9B4C-7A5910C8C248}
	EndGlobalSection
EndGlobal
